
Microsoft Visual Studio Solution File, Format Version 12.00
# Visual Studio 15
VisualStudioVersion = 15.0.28307.168
MinimumVisualStudioVersion = 10.0.40219.1
Project("{FAE04EC0-301F-11D3-BF4B-00C04F79EFBC}") = "euros_para_dolares", "euros_para_dolares\euros_para_dolares.csproj", "{6CCBA13D-3948-43E7-90CF-9CFFF2F3CDD0}"
EndProject
Global
	GlobalSection(SolutionConfigurationPlatforms) = preSolution
		Debug|Any CPU = Debug|Any CPU
		Release|Any CPU = Release|Any CPU
	EndGlobalSection
	GlobalSection(ProjectConfigurationPlatforms) = postSolution
		{6CCBA13D-3948-43E7-90CF-9CFFF2F3CDD0}.Debug|Any CPU.ActiveCfg = Debug|Any CPU
		{6CCBA13D-3948-43E7-90CF-9CFFF2F3CDD0}.Debug|Any CPU.Build.0 = Debug|Any CPU
		{6CCBA13D-3948-43E7-90CF-9CFFF2F3CDD0}.Release|Any CPU.ActiveCfg = Release|Any CPU
		{6CCBA13D-3948-43E7-90CF-9CFFF2F3CDD0}.Release|Any CPU.Build.0 = Release|Any CPU
	EndGlobalSection
	GlobalSection(SolutionProperties) = preSolution
		HideSolutionNode = FALSE
	EndGlobalSection
	GlobalSection(ExtensibilityGlobals) = postSolution
		SolutionGuid = {410368D9-120F-4679-BCB7-B6B6C56D6085}
	EndGlobalSection
EndGlobal
