
Microsoft Visual Studio Solution File, Format Version 12.00
# Visual Studio 15
VisualStudioVersion = 15.0.28307.168
MinimumVisualStudioVersion = 10.0.40219.1
Project("{FAE04EC0-301F-11D3-BF4B-00C04F79EFBC}") = "Dias_semana(if)", "Dias_semana(if)\Dias_semana(if).csproj", "{18F81D09-A18A-4C10-8516-DF671ABD769B}"
EndProject
Global
	GlobalSection(SolutionConfigurationPlatforms) = preSolution
		Debug|Any CPU = Debug|Any CPU
		Release|Any CPU = Release|Any CPU
	EndGlobalSection
	GlobalSection(ProjectConfigurationPlatforms) = postSolution
		{18F81D09-A18A-4C10-8516-DF671ABD769B}.Debug|Any CPU.ActiveCfg = Debug|Any CPU
		{18F81D09-A18A-4C10-8516-DF671ABD769B}.Debug|Any CPU.Build.0 = Debug|Any CPU
		{18F81D09-A18A-4C10-8516-DF671ABD769B}.Release|Any CPU.ActiveCfg = Release|Any CPU
		{18F81D09-A18A-4C10-8516-DF671ABD769B}.Release|Any CPU.Build.0 = Release|Any CPU
	EndGlobalSection
	GlobalSection(SolutionProperties) = preSolution
		HideSolutionNode = FALSE
	EndGlobalSection
	GlobalSection(ExtensibilityGlobals) = postSolution
		SolutionGuid = {1A846AD7-9193-43FF-B930-48B88DC30EC3}
	EndGlobalSection
EndGlobal
