
Microsoft Visual Studio Solution File, Format Version 12.00
# Visual Studio 15
VisualStudioVersion = 15.0.28307.168
MinimumVisualStudioVersion = 10.0.40219.1
Project("{FAE04EC0-301F-11D3-BF4B-00C04F79EFBC}") = "Dias_semana_", "Dias_semana_\Dias_semana_.csproj", "{A693C1C0-0C56-44F5-9F2F-281F0989028F}"
EndProject
Global
	GlobalSection(SolutionConfigurationPlatforms) = preSolution
		Debug|Any CPU = Debug|Any CPU
		Release|Any CPU = Release|Any CPU
	EndGlobalSection
	GlobalSection(ProjectConfigurationPlatforms) = postSolution
		{A693C1C0-0C56-44F5-9F2F-281F0989028F}.Debug|Any CPU.ActiveCfg = Debug|Any CPU
		{A693C1C0-0C56-44F5-9F2F-281F0989028F}.Debug|Any CPU.Build.0 = Debug|Any CPU
		{A693C1C0-0C56-44F5-9F2F-281F0989028F}.Release|Any CPU.ActiveCfg = Release|Any CPU
		{A693C1C0-0C56-44F5-9F2F-281F0989028F}.Release|Any CPU.Build.0 = Release|Any CPU
	EndGlobalSection
	GlobalSection(SolutionProperties) = preSolution
		HideSolutionNode = FALSE
	EndGlobalSection
	GlobalSection(ExtensibilityGlobals) = postSolution
		SolutionGuid = {117E6D38-CD0C-4FF9-B92C-4C6E3694EECB}
	EndGlobalSection
EndGlobal
