
Microsoft Visual Studio Solution File, Format Version 12.00
# Visual Studio 15
VisualStudioVersion = 15.0.28307.168
MinimumVisualStudioVersion = 10.0.40219.1
Project("{FAE04EC0-301F-11D3-BF4B-00C04F79EFBC}") = "Nota_Final", "Nota_Final\Nota_Final.csproj", "{FACF0C66-C694-471B-8108-F73B156F0D8C}"
EndProject
Global
	GlobalSection(SolutionConfigurationPlatforms) = preSolution
		Debug|Any CPU = Debug|Any CPU
		Release|Any CPU = Release|Any CPU
	EndGlobalSection
	GlobalSection(ProjectConfigurationPlatforms) = postSolution
		{FACF0C66-C694-471B-8108-F73B156F0D8C}.Debug|Any CPU.ActiveCfg = Debug|Any CPU
		{FACF0C66-C694-471B-8108-F73B156F0D8C}.Debug|Any CPU.Build.0 = Debug|Any CPU
		{FACF0C66-C694-471B-8108-F73B156F0D8C}.Release|Any CPU.ActiveCfg = Release|Any CPU
		{FACF0C66-C694-471B-8108-F73B156F0D8C}.Release|Any CPU.Build.0 = Release|Any CPU
	EndGlobalSection
	GlobalSection(SolutionProperties) = preSolution
		HideSolutionNode = FALSE
	EndGlobalSection
	GlobalSection(ExtensibilityGlobals) = postSolution
		SolutionGuid = {66C00EA0-4B6B-44CF-AD8B-C6AFF7251B06}
	EndGlobalSection
EndGlobal
