
Microsoft Visual Studio Solution File, Format Version 12.00
# Visual Studio 15
VisualStudioVersion = 15.0.28307.168
MinimumVisualStudioVersion = 10.0.40219.1
Project("{FAE04EC0-301F-11D3-BF4B-00C04F79EFBC}") = "Exercício 6", "Exercício 6\Exercício 6.csproj", "{BE626DCC-EE84-4A4D-906B-664FAF08C993}"
EndProject
Global
	GlobalSection(SolutionConfigurationPlatforms) = preSolution
		Debug|Any CPU = Debug|Any CPU
		Release|Any CPU = Release|Any CPU
	EndGlobalSection
	GlobalSection(ProjectConfigurationPlatforms) = postSolution
		{BE626DCC-EE84-4A4D-906B-664FAF08C993}.Debug|Any CPU.ActiveCfg = Debug|Any CPU
		{BE626DCC-EE84-4A4D-906B-664FAF08C993}.Debug|Any CPU.Build.0 = Debug|Any CPU
		{BE626DCC-EE84-4A4D-906B-664FAF08C993}.Release|Any CPU.ActiveCfg = Release|Any CPU
		{BE626DCC-EE84-4A4D-906B-664FAF08C993}.Release|Any CPU.Build.0 = Release|Any CPU
	EndGlobalSection
	GlobalSection(SolutionProperties) = preSolution
		HideSolutionNode = FALSE
	EndGlobalSection
	GlobalSection(ExtensibilityGlobals) = postSolution
		SolutionGuid = {6F94B95A-1DCF-4857-ABE4-42842209C86F}
	EndGlobalSection
EndGlobal
