
Microsoft Visual Studio Solution File, Format Version 12.00
# Visual Studio 15
VisualStudioVersion = 15.0.28307.168
MinimumVisualStudioVersion = 10.0.40219.1
Project("{FAE04EC0-301F-11D3-BF4B-00C04F79EFBC}") = "exercicio preço", "exercicio preço\exercicio preço.csproj", "{92DAD219-DE91-406D-B4DF-D9CE374605B8}"
EndProject
Global
	GlobalSection(SolutionConfigurationPlatforms) = preSolution
		Debug|Any CPU = Debug|Any CPU
		Release|Any CPU = Release|Any CPU
	EndGlobalSection
	GlobalSection(ProjectConfigurationPlatforms) = postSolution
		{92DAD219-DE91-406D-B4DF-D9CE374605B8}.Debug|Any CPU.ActiveCfg = Debug|Any CPU
		{92DAD219-DE91-406D-B4DF-D9CE374605B8}.Debug|Any CPU.Build.0 = Debug|Any CPU
		{92DAD219-DE91-406D-B4DF-D9CE374605B8}.Release|Any CPU.ActiveCfg = Release|Any CPU
		{92DAD219-DE91-406D-B4DF-D9CE374605B8}.Release|Any CPU.Build.0 = Release|Any CPU
	EndGlobalSection
	GlobalSection(SolutionProperties) = preSolution
		HideSolutionNode = FALSE
	EndGlobalSection
	GlobalSection(ExtensibilityGlobals) = postSolution
		SolutionGuid = {F70BC1EA-CAF9-491A-8098-94B0CF88BFC6}
	EndGlobalSection
EndGlobal
