
Microsoft Visual Studio Solution File, Format Version 12.00
# Visual Studio 15
VisualStudioVersion = 15.0.28307.168
MinimumVisualStudioVersion = 10.0.40219.1
Project("{FAE04EC0-301F-11D3-BF4B-00C04F79EFBC}") = "Soma_5_numeros", "Soma_5_numeros\Soma_5_numeros.csproj", "{2098CD7A-4FB5-41F4-917D-077ACB6E988A}"
EndProject
Global
	GlobalSection(SolutionConfigurationPlatforms) = preSolution
		Debug|Any CPU = Debug|Any CPU
		Release|Any CPU = Release|Any CPU
	EndGlobalSection
	GlobalSection(ProjectConfigurationPlatforms) = postSolution
		{2098CD7A-4FB5-41F4-917D-077ACB6E988A}.Debug|Any CPU.ActiveCfg = Debug|Any CPU
		{2098CD7A-4FB5-41F4-917D-077ACB6E988A}.Debug|Any CPU.Build.0 = Debug|Any CPU
		{2098CD7A-4FB5-41F4-917D-077ACB6E988A}.Release|Any CPU.ActiveCfg = Release|Any CPU
		{2098CD7A-4FB5-41F4-917D-077ACB6E988A}.Release|Any CPU.Build.0 = Release|Any CPU
	EndGlobalSection
	GlobalSection(SolutionProperties) = preSolution
		HideSolutionNode = FALSE
	EndGlobalSection
	GlobalSection(ExtensibilityGlobals) = postSolution
		SolutionGuid = {AB28FF30-0482-4044-AB60-0C2A294CC389}
	EndGlobalSection
EndGlobal
