
Microsoft Visual Studio Solution File, Format Version 12.00
# Visual Studio 15
VisualStudioVersion = 15.0.28307.168
MinimumVisualStudioVersion = 10.0.40219.1
Project("{FAE04EC0-301F-11D3-BF4B-00C04F79EFBC}") = "Exercicio 5", "Exercicio 5\Exercicio 5.csproj", "{C64B590E-6971-4395-9415-8609094630D2}"
EndProject
Global
	GlobalSection(SolutionConfigurationPlatforms) = preSolution
		Debug|Any CPU = Debug|Any CPU
		Release|Any CPU = Release|Any CPU
	EndGlobalSection
	GlobalSection(ProjectConfigurationPlatforms) = postSolution
		{C64B590E-6971-4395-9415-8609094630D2}.Debug|Any CPU.ActiveCfg = Debug|Any CPU
		{C64B590E-6971-4395-9415-8609094630D2}.Debug|Any CPU.Build.0 = Debug|Any CPU
		{C64B590E-6971-4395-9415-8609094630D2}.Release|Any CPU.ActiveCfg = Release|Any CPU
		{C64B590E-6971-4395-9415-8609094630D2}.Release|Any CPU.Build.0 = Release|Any CPU
	EndGlobalSection
	GlobalSection(SolutionProperties) = preSolution
		HideSolutionNode = FALSE
	EndGlobalSection
	GlobalSection(ExtensibilityGlobals) = postSolution
		SolutionGuid = {5988A0C2-099C-4B75-918F-A2AF9583BFBF}
	EndGlobalSection
EndGlobal
