
Microsoft Visual Studio Solution File, Format Version 12.00
# Visual Studio 15
VisualStudioVersion = 15.0.28307.168
MinimumVisualStudioVersion = 10.0.40219.1
Project("{FAE04EC0-301F-11D3-BF4B-00C04F79EFBC}") = "salario_mensal_", "salario_mensal_\salario_mensal_.csproj", "{28358E69-CD68-4201-BD08-5AD121772AA8}"
EndProject
Global
	GlobalSection(SolutionConfigurationPlatforms) = preSolution
		Debug|Any CPU = Debug|Any CPU
		Release|Any CPU = Release|Any CPU
	EndGlobalSection
	GlobalSection(ProjectConfigurationPlatforms) = postSolution
		{28358E69-CD68-4201-BD08-5AD121772AA8}.Debug|Any CPU.ActiveCfg = Debug|Any CPU
		{28358E69-CD68-4201-BD08-5AD121772AA8}.Debug|Any CPU.Build.0 = Debug|Any CPU
		{28358E69-CD68-4201-BD08-5AD121772AA8}.Release|Any CPU.ActiveCfg = Release|Any CPU
		{28358E69-CD68-4201-BD08-5AD121772AA8}.Release|Any CPU.Build.0 = Release|Any CPU
	EndGlobalSection
	GlobalSection(SolutionProperties) = preSolution
		HideSolutionNode = FALSE
	EndGlobalSection
	GlobalSection(ExtensibilityGlobals) = postSolution
		SolutionGuid = {32B1448D-0C84-4EEA-8FBE-26C8B4DF3A1B}
	EndGlobalSection
EndGlobal
