
Microsoft Visual Studio Solution File, Format Version 12.00
# Visual Studio 15
VisualStudioVersion = 15.0.28307.168
MinimumVisualStudioVersion = 10.0.40219.1
Project("{FAE04EC0-301F-11D3-BF4B-00C04F79EFBC}") = "Prestações", "Prestações\Prestações.csproj", "{608725AC-F4F9-42D7-A57C-F0F41831F0DA}"
EndProject
Global
	GlobalSection(SolutionConfigurationPlatforms) = preSolution
		Debug|Any CPU = Debug|Any CPU
		Release|Any CPU = Release|Any CPU
	EndGlobalSection
	GlobalSection(ProjectConfigurationPlatforms) = postSolution
		{608725AC-F4F9-42D7-A57C-F0F41831F0DA}.Debug|Any CPU.ActiveCfg = Debug|Any CPU
		{608725AC-F4F9-42D7-A57C-F0F41831F0DA}.Debug|Any CPU.Build.0 = Debug|Any CPU
		{608725AC-F4F9-42D7-A57C-F0F41831F0DA}.Release|Any CPU.ActiveCfg = Release|Any CPU
		{608725AC-F4F9-42D7-A57C-F0F41831F0DA}.Release|Any CPU.Build.0 = Release|Any CPU
	EndGlobalSection
	GlobalSection(SolutionProperties) = preSolution
		HideSolutionNode = FALSE
	EndGlobalSection
	GlobalSection(ExtensibilityGlobals) = postSolution
		SolutionGuid = {98F0CDA9-ED6E-4042-AEF8-C2144024AC10}
	EndGlobalSection
EndGlobal
